// !$*UTF8*$!
{
	archiveVersion = 1;
	classes = {
	};
	objectVersion = 77;
	objects = {

/* Begin PBXContainerItemProxy section */
		8B5739FE2CEEA15F001EEC56 /* PBXContainerItemProxy */ = {
			isa = PBXContainerItemProxy;
			containerPortal = 8B5739E52CEEA15E001EEC56 /* Project object */;
			proxyType = 1;
			remoteGlobalIDString = 8B5739EC2CEEA15E001EEC56;
			remoteInfo = LayoutAndGeometry;
		};
		8B573A082CEEA15F001EEC56 /* PBXContainerItemProxy */ = {
			isa = PBXContainerItemProxy;
			containerPortal = 8B5739E52CEEA15E001EEC56 /* Project object */;
			proxyType = 1;
			remoteGlobalIDString = 8B5739EC2CEEA15E001EEC56;
			remoteInfo = LayoutAndGeometry;
		};
/* End PBXContainerItemProxy section */

/* Begin PBXFileReference section */
		8B5739ED2CEEA15E001EEC56 /* LayoutAndGeometry.app */ = {isa = PBXFileReference; explicitFileType = wrapper.application; includeInIndex = 0; path = LayoutAndGeometry.app; sourceTree = BUILT_PRODUCTS_DIR; };
		8B5739FD2CEEA15F001EEC56 /* LayoutAndGeometryTests.xctest */ = {isa = PBXFileReference; explicitFileType = wrapper.cfbundle; includeInIndex = 0; path = LayoutAndGeometryTests.xctest; sourceTree = BUILT_PRODUCTS_DIR; };
		8B573A072CEEA15F001EEC56 /* LayoutAndGeometryUITests.xctest */ = {isa = PBXFileReference; explicitFileType = wrapper.cfbundle; includeInIndex = 0; path = LayoutAndGeometryUITests.xctest; sourceTree = BUILT_PRODUCTS_DIR; };
/* End PBXFileReference section */

/* Begin PBXFileSystemSynchronizedRootGroup section */
		8B5739EF2CEEA15E001EEC56 /* LayoutAndGeometry */ = {
			isa = PBXFileSystemSynchronizedRootGroup;
			path = LayoutAndGeometry;
			sourceTree = "<group>";
		};
		8B573A002CEEA15F001EEC56 /* LayoutAndGeometryTests */ = {
			isa = PBXFileSystemSynchronizedRootGroup;
			path = LayoutAndGeometryTests;
			sourceTree = "<group>";
		};
		8B573A0A2CEEA15F001EEC56 /* LayoutAndGeometryUITests */ = {
			isa = PBXFileSystemSynchronizedRootGroup;
			path = LayoutAndGeometryUITests;
			sourceTree = "<group>";
		};
/* End PBXFileSystemSynchronizedRootGroup section */

/* Begin PBXFrameworksBuildPhase section */
		8B5739EA2CEEA15E001EEC56 /* Frameworks */ = {
			isa = PBXFrameworksBuildPhase;
			buildActionMask = 2147483647;
			files = (
			);
			runOnlyForDeploymentPostprocessing = 0;
		};
		8B5739FA2CEEA15F001EEC56 /* Frameworks */ = {
			isa = PBXFrameworksBuildPhase;
			buildActionMask = 2147483647;
			files = (
			);
			runOnlyForDeploymentPostprocessing = 0;
		};
		8B573A042CEEA15F001EEC56 /* Frameworks */ = {
			isa = PBXFrameworksBuildPhase;
			buildActionMask = 2147483647;
			files = (
			);
			runOnlyForDeploymentPostprocessing = 0;
		};
/* End PBXFrameworksBuildPhase section */

/* Begin PBXGroup section */
		8B5739E42CEEA15E001EEC56 = {
			isa = PBXGroup;
			children = (
				8B5739EF2CEEA15E001EEC56 /* LayoutAndGeometry */,
				8B573A002CEEA15F001EEC56 /* LayoutAndGeometryTests */,
				8B573A0A2CEEA15F001EEC56 /* LayoutAndGeometryUITests */,
				8B5739EE2CEEA15E001EEC56 /* Products */,
			);
			sourceTree = "<group>";
		};
		8B5739EE2CEEA15E001EEC56 /* Products */ = {
			isa = PBXGroup;
			children = (
				8B5739ED2CEEA15E001EEC56 /* LayoutAndGeometry.app */,
				8B5739FD2CEEA15F001EEC56 /* LayoutAndGeometryTests.xctest */,
				8B573A072CEEA15F001EEC56 /* LayoutAndGeometryUITests.xctest */,
			);
			name = Products;
			sourceTree = "<group>";
		};
/* End PBXGroup section */

/* Begin PBXNativeTarget section */
		8B5739EC2CEEA15E001EEC56 /* LayoutAndGeometry */ = {
			isa = PBXNativeTarget;
			buildConfigurationList = 8B573A112CEEA15F001EEC56 /* Build configuration list for PBXNativeTarget "LayoutAndGeometry" */;
			buildPhases = (
				8B5739E92CEEA15E001EEC56 /* Sources */,
				8B5739EA2CEEA15E001EEC56 /* Frameworks */,
				8B5739EB2CEEA15E001EEC56 /* Resources */,
			);
			buildRules = (
			);
			dependencies = (
			);
			fileSystemSynchronizedGroups = (
				8B5739EF2CEEA15E001EEC56 /* LayoutAndGeometry */,
			);
			name = LayoutAndGeometry;
			packageProductDependencies = (
			);
			productName = LayoutAndGeometry;
			productReference = 8B5739ED2CEEA15E001EEC56 /* LayoutAndGeometry.app */;
			productType = "com.apple.product-type.application";
		};
		8B5739FC2CEEA15F001EEC56 /* LayoutAndGeometryTests */ = {
			isa = PBXNativeTarget;
			buildConfigurationList = 8B573A142CEEA15F001EEC56 /* Build configuration list for PBXNativeTarget "LayoutAndGeometryTests" */;
			buildPhases = (
				8B5739F92CEEA15F001EEC56 /* Sources */,
				8B5739FA2CEEA15F001EEC56 /* Frameworks */,
				8B5739FB2CEEA15F001EEC56 /* Resources */,
			);
			buildRules = (
			);
			dependencies = (
				8B5739FF2CEEA15F001EEC56 /* PBXTargetDependency */,
			);
			fileSystemSynchronizedGroups = (
				8B573A002CEEA15F001EEC56 /* LayoutAndGeometryTests */,
			);
			name = LayoutAndGeometryTests;
			packageProductDependencies = (
			);
			productName = LayoutAndGeometryTests;
			productReference = 8B5739FD2CEEA15F001EEC56 /* LayoutAndGeometryTests.xctest */;
			productType = "com.apple.product-type.bundle.unit-test";
		};
		8B573A062CEEA15F001EEC56 /* LayoutAndGeometryUITests */ = {
			isa = PBXNativeTarget;
			buildConfigurationList = 8B573A172CEEA15F001EEC56 /* Build configuration list for PBXNativeTarget "LayoutAndGeometryUITests" */;
			buildPhases = (
				8B573A032CEEA15F001EEC56 /* Sources */,
				8B573A042CEEA15F001EEC56 /* Frameworks */,
				8B573A052CEEA15F001EEC56 /* Resources */,
			);
			buildRules = (
			);
			dependencies = (
				8B573A092CEEA15F001EEC56 /* PBXTargetDependency */,
			);
			fileSystemSynchronizedGroups = (
				8B573A0A2CEEA15F001EEC56 /* LayoutAndGeometryUITests */,
			);
			name = LayoutAndGeometryUITests;
			packageProductDependencies = (
			);
			productName = LayoutAndGeometryUITests;
			productReference = 8B573A072CEEA15F001EEC56 /* LayoutAndGeometryUITests.xctest */;
			productType = "com.apple.product-type.bundle.ui-testing";
		};
/* End PBXNativeTarget section */

/* Begin PBXProject section */
		8B5739E52CEEA15E001EEC56 /* Project object */ = {
			isa = PBXProject;
			attributes = {
				BuildIndependentTargetsInParallel = 1;
				LastSwiftUpdateCheck = 1610;
				LastUpgradeCheck = 1610;
				TargetAttributes = {
					8B5739EC2CEEA15E001EEC56 = {
						CreatedOnToolsVersion = 16.1;
					};
					8B5739FC2CEEA15F001EEC56 = {
						CreatedOnToolsVersion = 16.1;
						TestTargetID = 8B5739EC2CEEA15E001EEC56;
					};
					8B573A062CEEA15F001EEC56 = {
						CreatedOnToolsVersion = 16.1;
						TestTargetID = 8B5739EC2CEEA15E001EEC56;
					};
				};
			};
			buildConfigurationList = 8B5739E82CEEA15E001EEC56 /* Build configuration list for PBXProject "LayoutAndGeometry" */;
			developmentRegion = en;
			hasScannedForEncodings = 0;
			knownRegions = (
				en,
				Base,
			);
			mainGroup = 8B5739E42CEEA15E001EEC56;
			minimizedProjectReferenceProxies = 1;
			preferredProjectObjectVersion = 77;
			productRefGroup = 8B5739EE2CEEA15E001EEC56 /* Products */;
			projectDirPath = "";
			projectRoot = "";
			targets = (
				8B5739EC2CEEA15E001EEC56 /* LayoutAndGeometry */,
				8B5739FC2CEEA15F001EEC56 /* LayoutAndGeometryTests */,
				8B573A062CEEA15F001EEC56 /* LayoutAndGeometryUITests */,
			);
		};
/* End PBXProject section */

/* Begin PBXResourcesBuildPhase section */
		8B5739EB2CEEA15E001EEC56 /* Resources */ = {
			isa = PBXResourcesBuildPhase;
			buildActionMask = 2147483647;
			files = (
			);
			runOnlyForDeploymentPostprocessing = 0;
		};
		8B5739FB2CEEA15F001EEC56 /* Resources */ = {
			isa = PBXResourcesBuildPhase;
			buildActionMask = 2147483647;
			files = (
			);
			runOnlyForDeploymentPostprocessing = 0;
		};
		8B573A052CEEA15F001EEC56 /* Resources */ = {
			isa = PBXResourcesBuildPhase;
			buildActionMask = 2147483647;
			files = (
			);
			runOnlyForDeploymentPostprocessing = 0;
		};
/* End PBXResourcesBuildPhase section */

/* Begin PBXSourcesBuildPhase section */
		8B5739E92CEEA15E001EEC56 /* Sources */ = {
			isa = PBXSourcesBuildPhase;
			buildActionMask = 2147483647;
			files = (
			);
			runOnlyForDeploymentPostprocessing = 0;
		};
		8B5739F92CEEA15F001EEC56 /* Sources */ = {
			isa = PBXSourcesBuildPhase;
			buildActionMask = 2147483647;
			files = (
			);
			runOnlyForDeploymentPostprocessing = 0;
		};
		8B573A032CEEA15F001EEC56 /* Sources */ = {
			isa = PBXSourcesBuildPhase;
			buildActionMask = 2147483647;
			files = (
			);
			runOnlyForDeploymentPostprocessing = 0;
		};
/* End PBXSourcesBuildPhase section */

/* Begin PBXTargetDependency section */
		8B5739FF2CEEA15F001EEC56 /* PBXTargetDependency */ = {
			isa = PBXTargetDependency;
			target = 8B5739EC2CEEA15E001EEC56 /* LayoutAndGeometry */;
			targetProxy = 8B5739FE2CEEA15F001EEC56 /* PBXContainerItemProxy */;
		};
		8B573A092CEEA15F001EEC56 /* PBXTargetDependency */ = {
			isa = PBXTargetDependency;
			target = 8B5739EC2CEEA15E001EEC56 /* LayoutAndGeometry */;
			targetProxy = 8B573A082CEEA15F001EEC56 /* PBXContainerItemProxy */;
		};
/* End PBXTargetDependency section */

/* Begin XCBuildConfiguration section */
		8B573A0F2CEEA15F001EEC56 /* Debug */ = {
			isa = XCBuildConfiguration;
			buildSettings = {
				ALWAYS_SEARCH_USER_PATHS = NO;
				ASSETCATALOG_COMPILER_GENERATE_SWIFT_ASSET_SYMBOL_EXTENSIONS = YES;
				CLANG_ANALYZER_NONNULL = YES;
				CLANG_ANALYZER_NUMBER_OBJECT_CONVERSION = YES_AGGRESSIVE;
				CLANG_CXX_LANGUAGE_STANDARD = "gnu++20";
				CLANG_ENABLE_MODULES = YES;
				CLANG_ENABLE_OBJC_ARC = YES;
				CLANG_ENABLE_OBJC_WEAK = YES;
				CLANG_WARN_BLOCK_CAPTURE_AUTORELEASING = YES;
				CLANG_WARN_BOOL_CONVERSION = YES;
				CLANG_WARN_COMMA = YES;
				CLANG_WARN_CONSTANT_CONVERSION = YES;
				CLANG_WARN_DEPRECATED_OBJC_IMPLEMENTATIONS = YES;
				CLANG_WARN_DIRECT_OBJC_ISA_USAGE = YES_ERROR;
				CLANG_WARN_DOCUMENTATION_COMMENTS = YES;
				CLANG_WARN_EMPTY_BODY = YES;
				CLANG_WARN_ENUM_CONVERSION = YES;
				CLANG_WARN_INFINITE_RECURSION = YES;
				CLANG_WARN_INT_CONVERSION = YES;
				CLANG_WARN_NON_LITERAL_NULL_CONVERSION = YES;
				CLANG_WARN_OBJC_IMPLICIT_RETAIN_SELF = YES;
				CLANG_WARN_OBJC_LITERAL_CONVERSION = YES;
				CLANG_WARN_OBJC_ROOT_CLASS = YES_ERROR;
				CLANG_WARN_QUOTED_INCLUDE_IN_FRAMEWORK_HEADER = YES;
				CLANG_WARN_RANGE_LOOP_ANALYSIS = YES;
				CLANG_WARN_STRICT_PROTOTYPES = YES;
				CLANG_WARN_SUSPICIOUS_MOVE = YES;
				CLANG_WARN_UNGUARDED_AVAILABILITY = YES_AGGRESSIVE;
				CLANG_WARN_UNREACHABLE_CODE = YES;
				CLANG_WARN__DUPLICATE_METHOD_MATCH = YES;
				COPY_PHASE_STRIP = NO;
				DEBUG_INFORMATION_FORMAT = dwarf;
				ENABLE_STRICT_OBJC_MSGSEND = YES;
				ENABLE_TESTABILITY = YES;
				ENABLE_USER_SCRIPT_SANDBOXING = YES;
				GCC_C_LANGUAGE_STANDARD = gnu17;
				GCC_DYNAMIC_NO_PIC = NO;
				GCC_NO_COMMON_BLOCKS = YES;
				GCC_OPTIMIZATION_LEVEL = 0;
				GCC_PREPROCESSOR_DEFINITIONS = (
					"DEBUG=1",
					"$(inherited)",
				);
				GCC_WARN_64_TO_32_BIT_CONVERSION = YES;
				GCC_WARN_ABOUT_RETURN_TYPE = YES_ERROR;
				GCC_WARN_UNDECLARED_SELECTOR = YES;
				GCC_WARN_UNINITIALIZED_AUTOS = YES_AGGRESSIVE;
				GCC_WARN_UNUSED_FUNCTION = YES;
				GCC_WARN_UNUSED_VARIABLE = YES;
				IPHONEOS_DEPLOYMENT_TARGET = 18.1;
				LOCALIZATION_PREFERS_STRING_CATALOGS = YES;
				MTL_ENABLE_DEBUG_INFO = INCLUDE_SOURCE;
				MTL_FAST_MATH = YES;
				ONLY_ACTIVE_ARCH = YES;
				SDKROOT = iphoneos;
				SWIFT_ACTIVE_COMPILATION_CONDITIONS = "DEBUG $(inherited)";
				SWIFT_OPTIMIZATION_LEVEL = "-Onone";
			};
			name = Debug;
		};
		8B573A102CEEA15F001EEC56 /* Release */ = {
			isa = XCBuildConfiguration;
			buildSettings = {
				ALWAYS_SEARCH_USER_PATHS = NO;
				ASSETCATALOG_COMPILER_GENERATE_SWIFT_ASSET_SYMBOL_EXTENSIONS = YES;
				CLANG_ANALYZER_NONNULL = YES;
				CLANG_ANALYZER_NUMBER_OBJECT_CONVERSION = YES_AGGRESSIVE;
				CLANG_CXX_LANGUAGE_STANDARD = "gnu++20";
				CLANG_ENABLE_MODULES = YES;
				CLANG_ENABLE_OBJC_ARC = YES;
				CLANG_ENABLE_OBJC_WEAK = YES;
				CLANG_WARN_BLOCK_CAPTURE_AUTORELEASING = YES;
				CLANG_WARN_BOOL_CONVERSION = YES;
				CLANG_WARN_COMMA = YES;
				CLANG_WARN_CONSTANT_CONVERSION = YES;
				CLANG_WARN_DEPRECATED_OBJC_IMPLEMENTATIONS = YES;
				CLANG_WARN_DIRECT_OBJC_ISA_USAGE = YES_ERROR;
				CLANG_WARN_DOCUMENTATION_COMMENTS = YES;
				CLANG_WARN_EMPTY_BODY = YES;
				CLANG_WARN_ENUM_CONVERSION = YES;
				CLANG_WARN_INFINITE_RECURSION = YES;
				CLANG_WARN_INT_CONVERSION = YES;
				CLANG_WARN_NON_LITERAL_NULL_CONVERSION = YES;
				CLANG_WARN_OBJC_IMPLICIT_RETAIN_SELF = YES;
				CLANG_WARN_OBJC_LITERAL_CONVERSION = YES;
				CLANG_WARN_OBJC_ROOT_CLASS = YES_ERROR;
				CLANG_WARN_QUOTED_INCLUDE_IN_FRAMEWORK_HEADER = YES;
				CLANG_WARN_RANGE_LOOP_ANALYSIS = YES;
				CLANG_WARN_STRICT_PROTOTYPES = YES;
				CLANG_WARN_SUSPICIOUS_MOVE = YES;
				CLANG_WARN_UNGUARDED_AVAILABILITY = YES_AGGRESSIVE;
				CLANG_WARN_UNREACHABLE_CODE = YES;
				CLANG_WARN__DUPLICATE_METHOD_MATCH = YES;
				COPY_PHASE_STRIP = NO;
				DEBUG_INFORMATION_FORMAT = "dwarf-with-dsym";
				ENABLE_NS_ASSERTIONS = NO;
				ENABLE_STRICT_OBJC_MSGSEND = YES;
				ENABLE_USER_SCRIPT_SANDBOXING = YES;
				GCC_C_LANGUAGE_STANDARD = gnu17;
				GCC_NO_COMMON_BLOCKS = YES;
				GCC_WARN_64_TO_32_BIT_CONVERSION = YES;
				GCC_WARN_ABOUT_RETURN_TYPE = YES_ERROR;
				GCC_WARN_UNDECLARED_SELECTOR = YES;
				GCC_WARN_UNINITIALIZED_AUTOS = YES_AGGRESSIVE;
				GCC_WARN_UNUSED_FUNCTION = YES;
				GCC_WARN_UNUSED_VARIABLE = YES;
				IPHONEOS_DEPLOYMENT_TARGET = 18.1;
				LOCALIZATION_PREFERS_STRING_CATALOGS = YES;
				MTL_ENABLE_DEBUG_INFO = NO;
				MTL_FAST_MATH = YES;
				SDKROOT = iphoneos;
				SWIFT_COMPILATION_MODE = wholemodule;
				VALIDATE_PRODUCT = YES;
			};
			name = Release;
		};
		8B573A122CEEA15F001EEC56 /* Debug */ = {
			isa = XCBuildConfiguration;
			buildSettings = {
				ASSETCATALOG_COMPILER_APPICON_NAME = AppIcon;
				ASSETCATALOG_COMPILER_GLOBAL_ACCENT_COLOR_NAME = AccentColor;
				CODE_SIGN_STYLE = Automatic;
				CURRENT_PROJECT_VERSION = 1;
				DEVELOPMENT_ASSET_PATHS = "\"LayoutAndGeometry/Preview Content\"";
				DEVELOPMENT_TEAM = 34TKMKM889;
				ENABLE_PREVIEWS = YES;
				GENERATE_INFOPLIST_FILE = YES;
				INFOPLIST_KEY_UIApplicationSceneManifest_Generation = YES;
				INFOPLIST_KEY_UIApplicationSupportsIndirectInputEvents = YES;
				INFOPLIST_KEY_UILaunchScreen_Generation = YES;
				INFOPLIST_KEY_UISupportedInterfaceOrientations_iPad = "UIInterfaceOrientationPortrait UIInterfaceOrientationPortraitUpsideDown UIInterfaceOrientationLandscapeLeft UIInterfaceOrientationLandscapeRight";
				INFOPLIST_KEY_UISupportedInterfaceOrientations_iPhone = "UIInterfaceOrientationPortrait UIInterfaceOrientationLandscapeLeft UIInterfaceOrientationLandscapeRight";
				LD_RUNPATH_SEARCH_PATHS = (
					"$(inherited)",
					"@executable_path/Frameworks",
				);
				MARKETING_VERSION = 1.0;
				PRODUCT_BUNDLE_IDENTIFIER = com.artisanalsoftware.LayoutAndGeometry;
				PRODUCT_NAME = "$(TARGET_NAME)";
				SWIFT_EMIT_LOC_STRINGS = YES;
				SWIFT_VERSION = 5.0;
				TARGETED_DEVICE_FAMILY = "1,2";
			};
			name = Debug;
		};
		8B573A132CEEA15F001EEC56 /* Release */ = {
			isa = XCBuildConfiguration;
			buildSettings = {
				ASSETCATALOG_COMPILER_APPICON_NAME = AppIcon;
				ASSETCATALOG_COMPILER_GLOBAL_ACCENT_COLOR_NAME = AccentColor;
				CODE_SIGN_STYLE = Automatic;
				CURRENT_PROJECT_VERSION = 1;
				DEVELOPMENT_ASSET_PATHS = "\"LayoutAndGeometry/Preview Content\"";
				DEVELOPMENT_TEAM = 34TKMKM889;
				ENABLE_PREVIEWS = YES;
				GENERATE_INFOPLIST_FILE = YES;
				INFOPLIST_KEY_UIApplicationSceneManifest_Generation = YES;
				INFOPLIST_KEY_UIApplicationSupportsIndirectInputEvents = YES;
				INFOPLIST_KEY_UILaunchScreen_Generation = YES;
				INFOPLIST_KEY_UISupportedInterfaceOrientations_iPad = "UIInterfaceOrientationPortrait UIInterfaceOrientationPortraitUpsideDown UIInterfaceOrientationLandscapeLeft UIInterfaceOrientationLandscapeRight";
				INFOPLIST_KEY_UISupportedInterfaceOrientations_iPhone = "UIInterfaceOrientationPortrait UIInterfaceOrientationLandscapeLeft UIInterfaceOrientationLandscapeRight";
				LD_RUNPATH_SEARCH_PATHS = (
					"$(inherited)",
					"@executable_path/Frameworks",
				);
				MARKETING_VERSION = 1.0;
				PRODUCT_BUNDLE_IDENTIFIER = com.artisanalsoftware.LayoutAndGeometry;
				PRODUCT_NAME = "$(TARGET_NAME)";
				SWIFT_EMIT_LOC_STRINGS = YES;
				SWIFT_VERSION = 5.0;
				TARGETED_DEVICE_FAMILY = "1,2";
			};
			name = Release;
		};
		8B573A152CEEA15F001EEC56 /* Debug */ = {
			isa = XCBuildConfiguration;
			buildSettings = {
				BUNDLE_LOADER = "$(TEST_HOST)";
				CODE_SIGN_STYLE = Automatic;
				CURRENT_PROJECT_VERSION = 1;
				DEVELOPMENT_TEAM = 34TKMKM889;
				GENERATE_INFOPLIST_FILE = YES;
				IPHONEOS_DEPLOYMENT_TARGET = 18.1;
				MARKETING_VERSION = 1.0;
				PRODUCT_BUNDLE_IDENTIFIER = com.artisanalsoftware.LayoutAndGeometryTests;
				PRODUCT_NAME = "$(TARGET_NAME)";
				SWIFT_EMIT_LOC_STRINGS = NO;
				SWIFT_VERSION = 5.0;
				TARGETED_DEVICE_FAMILY = "1,2";
				TEST_HOST = "$(BUILT_PRODUCTS_DIR)/LayoutAndGeometry.app/$(BUNDLE_EXECUTABLE_FOLDER_PATH)/LayoutAndGeometry";
			};
			name = Debug;
		};
		8B573A162CEEA15F001EEC56 /* Release */ = {
			isa = XCBuildConfiguration;
			buildSettings = {
				BUNDLE_LOADER = "$(TEST_HOST)";
				CODE_SIGN_STYLE = Automatic;
				CURRENT_PROJECT_VERSION = 1;
				DEVELOPMENT_TEAM = 34TKMKM889;
				GENERATE_INFOPLIST_FILE = YES;
				IPHONEOS_DEPLOYMENT_TARGET = 18.1;
				MARKETING_VERSION = 1.0;
				PRODUCT_BUNDLE_IDENTIFIER = com.artisanalsoftware.LayoutAndGeometryTests;
				PRODUCT_NAME = "$(TARGET_NAME)";
				SWIFT_EMIT_LOC_STRINGS = NO;
				SWIFT_VERSION = 5.0;
				TARGETED_DEVICE_FAMILY = "1,2";
				TEST_HOST = "$(BUILT_PRODUCTS_DIR)/LayoutAndGeometry.app/$(BUNDLE_EXECUTABLE_FOLDER_PATH)/LayoutAndGeometry";
			};
			name = Release;
		};
		8B573A182CEEA15F001EEC56 /* Debug */ = {
			isa = XCBuildConfiguration;
			buildSettings = {
				CODE_SIGN_STYLE = Automatic;
				CURRENT_PROJECT_VERSION = 1;
				DEVELOPMENT_TEAM = 34TKMKM889;
				GENERATE_INFOPLIST_FILE = YES;
				MARKETING_VERSION = 1.0;
				PRODUCT_BUNDLE_IDENTIFIER = com.artisanalsoftware.LayoutAndGeometryUITests;
				PRODUCT_NAME = "$(TARGET_NAME)";
				SWIFT_EMIT_LOC_STRINGS = NO;
				SWIFT_VERSION = 5.0;
				TARGETED_DEVICE_FAMILY = "1,2";
				TEST_TARGET_NAME = LayoutAndGeometry;
			};
			name = Debug;
		};
		8B573A192CEEA15F001EEC56 /* Release */ = {
			isa = XCBuildConfiguration;
			buildSettings = {
				CODE_SIGN_STYLE = Automatic;
				CURRENT_PROJECT_VERSION = 1;
				DEVELOPMENT_TEAM = 34TKMKM889;
				GENERATE_INFOPLIST_FILE = YES;
				MARKETING_VERSION = 1.0;
				PRODUCT_BUNDLE_IDENTIFIER = com.artisanalsoftware.LayoutAndGeometryUITests;
				PRODUCT_NAME = "$(TARGET_NAME)";
				SWIFT_EMIT_LOC_STRINGS = NO;
				SWIFT_VERSION = 5.0;
				TARGETED_DEVICE_FAMILY = "1,2";
				TEST_TARGET_NAME = LayoutAndGeometry;
			};
			name = Release;
		};
/* End XCBuildConfiguration section */

/* Begin XCConfigurationList section */
		8B5739E82CEEA15E001EEC56 /* Build configuration list for PBXProject "LayoutAndGeometry" */ = {
			isa = XCConfigurationList;
			buildConfigurations = (
				8B573A0F2CEEA15F001EEC56 /* Debug */,
				8B573A102CEEA15F001EEC56 /* Release */,
			);
			defaultConfigurationIsVisible = 0;
			defaultConfigurationName = Release;
		};
		8B573A112CEEA15F001EEC56 /* Build configuration list for PBXNativeTarget "LayoutAndGeometry" */ = {
			isa = XCConfigurationList;
			buildConfigurations = (
				8B573A122CEEA15F001EEC56 /* Debug */,
				8B573A132CEEA15F001EEC56 /* Release */,
			);
			defaultConfigurationIsVisible = 0;
			defaultConfigurationName = Release;
		};
		8B573A142CEEA15F001EEC56 /* Build configuration list for PBXNativeTarget "LayoutAndGeometryTests" */ = {
			isa = XCConfigurationList;
			buildConfigurations = (
				8B573A152CEEA15F001EEC56 /* Debug */,
				8B573A162CEEA15F001EEC56 /* Release */,
			);
			defaultConfigurationIsVisible = 0;
			defaultConfigurationName = Release;
		};
		8B573A172CEEA15F001EEC56 /* Build configuration list for PBXNativeTarget "LayoutAndGeometryUITests" */ = {
			isa = XCConfigurationList;
			buildConfigurations = (
				8B573A182CEEA15F001EEC56 /* Debug */,
				8B573A192CEEA15F001EEC56 /* Release */,
			);
			defaultConfigurationIsVisible = 0;
			defaultConfigurationName = Release;
		};
/* End XCConfigurationList section */
	};
	rootObject = 8B5739E52CEEA15E001EEC56 /* Project object */;
}
