{
  "originHash" : "70360b8c668b190e9dbf65f5c5e17edea3ef254bab4025e92b9831b7706806bc",
  "pins" : [
    {
      "identity" : "grdb.swift",
      "kind" : "remoteSourceControl",
      "location" : "https://github.com/groue/GRDB.swift",
      "state" : {
        "branch" : "master",
        "revision" : "3ecb5c54553559217592d21a6d9841becb891b38"
      }
    },
    {
      "identity" : "jubiswift",
      "kind" : "remoteSourceControl",
      "location" : "https://github.com/jubishop/JubiSwift",
      "state" : {
        "branch" : "main",
        "revision" : "dc215dbcc141f579f333fe0c94e882f960f0b9e4"
      }
    }
  ],
  "version" : 3
}
